
Microsoft Visual Studio Solution File, Format Version 12.00
# Visual Studio Version 16
VisualStudioVersion = 16.0.31005.135
MinimumVisualStudioVersion = 10.0.40219.1
Project("{FAE04EC0-301F-11D3-BF4B-00C04F79EFBC}") = "BeerQuest.API", "BeerQuest\BeerQuest.API.csproj", "{5896D0BA-046B-4D95-B905-C0706036E8D0}"
EndProject
Project("{FAE04EC0-301F-11D3-BF4B-00C04F79EFBC}") = "BeerQuest.Services", "BeerQuest.Services\BeerQuest.Services.csproj", "{440CBE77-01BA-4D9F-918D-EC789FD07712}"
EndProject
Project("{2150E333-8FDC-42A3-9474-1A3956D46DE8}") = "API", "API", "{A7A9E046-C9CE-485B-93C2-F7F109000DDC}"
EndProject
Project("{2150E333-8FDC-42A3-9474-1A3956D46DE8}") = "Tests", "Tests", "{01630F1E-04E1-40B1-856A-9928CFD93DEC}"
EndProject
Project("{FAE04EC0-301F-11D3-BF4B-00C04F79EFBC}") = "BeerQuest.Providers", "BeerQuest.Providers\BeerQuest.Providers.csproj", "{91D0758E-9AA2-4C65-BA57-FEE0E7CC9625}"
EndProject
Project("{FAE04EC0-301F-11D3-BF4B-00C04F79EFBC}") = "BeerQuest.API.UnitTests", "BeerQuest.API.UnitTests\BeerQuest.API.UnitTests.csproj", "{168C4F39-67B6-474E-A7DA-0F9413B34BFE}"
EndProject
Project("{FAE04EC0-301F-11D3-BF4B-00C04F79EFBC}") = "BeerQuest.Services.UnitTests", "BeerQuest.Services.UnitTests\BeerQuest.Services.UnitTests.csproj", "{0792CB5F-E731-4B5A-A536-4D757BA82E37}"
EndProject
Project("{FAE04EC0-301F-11D3-BF4B-00C04F79EFBC}") = "BeerQuest.Providers.UnitTests", "BeerQuest.Providers.UnitTests\BeerQuest.Providers.UnitTests.csproj", "{DCF8E4A2-A8F3-4545-8B8A-C169F673D3D8}"
EndProject
Global
	GlobalSection(SolutionConfigurationPlatforms) = preSolution
		Debug|Any CPU = Debug|Any CPU
		Release|Any CPU = Release|Any CPU
	EndGlobalSection
	GlobalSection(ProjectConfigurationPlatforms) = postSolution
		{5896D0BA-046B-4D95-B905-C0706036E8D0}.Debug|Any CPU.ActiveCfg = Debug|Any CPU
		{5896D0BA-046B-4D95-B905-C0706036E8D0}.Debug|Any CPU.Build.0 = Debug|Any CPU
		{5896D0BA-046B-4D95-B905-C0706036E8D0}.Release|Any CPU.ActiveCfg = Release|Any CPU
		{5896D0BA-046B-4D95-B905-C0706036E8D0}.Release|Any CPU.Build.0 = Release|Any CPU
		{440CBE77-01BA-4D9F-918D-EC789FD07712}.Debug|Any CPU.ActiveCfg = Debug|Any CPU
		{440CBE77-01BA-4D9F-918D-EC789FD07712}.Debug|Any CPU.Build.0 = Debug|Any CPU
		{440CBE77-01BA-4D9F-918D-EC789FD07712}.Release|Any CPU.ActiveCfg = Release|Any CPU
		{440CBE77-01BA-4D9F-918D-EC789FD07712}.Release|Any CPU.Build.0 = Release|Any CPU
		{91D0758E-9AA2-4C65-BA57-FEE0E7CC9625}.Debug|Any CPU.ActiveCfg = Debug|Any CPU
		{91D0758E-9AA2-4C65-BA57-FEE0E7CC9625}.Debug|Any CPU.Build.0 = Debug|Any CPU
		{91D0758E-9AA2-4C65-BA57-FEE0E7CC9625}.Release|Any CPU.ActiveCfg = Release|Any CPU
		{91D0758E-9AA2-4C65-BA57-FEE0E7CC9625}.Release|Any CPU.Build.0 = Release|Any CPU
		{168C4F39-67B6-474E-A7DA-0F9413B34BFE}.Debug|Any CPU.ActiveCfg = Debug|Any CPU
		{168C4F39-67B6-474E-A7DA-0F9413B34BFE}.Debug|Any CPU.Build.0 = Debug|Any CPU
		{168C4F39-67B6-474E-A7DA-0F9413B34BFE}.Release|Any CPU.ActiveCfg = Release|Any CPU
		{168C4F39-67B6-474E-A7DA-0F9413B34BFE}.Release|Any CPU.Build.0 = Release|Any CPU
		{0792CB5F-E731-4B5A-A536-4D757BA82E37}.Debug|Any CPU.ActiveCfg = Debug|Any CPU
		{0792CB5F-E731-4B5A-A536-4D757BA82E37}.Debug|Any CPU.Build.0 = Debug|Any CPU
		{0792CB5F-E731-4B5A-A536-4D757BA82E37}.Release|Any CPU.ActiveCfg = Release|Any CPU
		{0792CB5F-E731-4B5A-A536-4D757BA82E37}.Release|Any CPU.Build.0 = Release|Any CPU
		{DCF8E4A2-A8F3-4545-8B8A-C169F673D3D8}.Debug|Any CPU.ActiveCfg = Debug|Any CPU
		{DCF8E4A2-A8F3-4545-8B8A-C169F673D3D8}.Debug|Any CPU.Build.0 = Debug|Any CPU
		{DCF8E4A2-A8F3-4545-8B8A-C169F673D3D8}.Release|Any CPU.ActiveCfg = Release|Any CPU
		{DCF8E4A2-A8F3-4545-8B8A-C169F673D3D8}.Release|Any CPU.Build.0 = Release|Any CPU
	EndGlobalSection
	GlobalSection(SolutionProperties) = preSolution
		HideSolutionNode = FALSE
	EndGlobalSection
	GlobalSection(NestedProjects) = preSolution
		{5896D0BA-046B-4D95-B905-C0706036E8D0} = {A7A9E046-C9CE-485B-93C2-F7F109000DDC}
		{440CBE77-01BA-4D9F-918D-EC789FD07712} = {A7A9E046-C9CE-485B-93C2-F7F109000DDC}
		{91D0758E-9AA2-4C65-BA57-FEE0E7CC9625} = {A7A9E046-C9CE-485B-93C2-F7F109000DDC}
		{168C4F39-67B6-474E-A7DA-0F9413B34BFE} = {01630F1E-04E1-40B1-856A-9928CFD93DEC}
		{0792CB5F-E731-4B5A-A536-4D757BA82E37} = {01630F1E-04E1-40B1-856A-9928CFD93DEC}
		{DCF8E4A2-A8F3-4545-8B8A-C169F673D3D8} = {01630F1E-04E1-40B1-856A-9928CFD93DEC}
	EndGlobalSection
	GlobalSection(ExtensibilityGlobals) = postSolution
		SolutionGuid = {081E9940-EB43-4495-A497-15FD6C835AED}
	EndGlobalSection
EndGlobal
